// !$*UTF8*$!
{
	archiveVersion = 1;
	classes = {
	};
	objectVersion = 52;
	objects = {

/* Begin PBXBuildFile section */
		A20AF6EA23CFF0FC00C87023 /* AppDelegate.swift in Sources */ = {isa = PBXBuildFile; fileRef = A20AF6E923CFF0FC00C87023 /* AppDelegate.swift */; };
		A20AF6EC23CFF0FC00C87023 /* SceneDelegate.swift in Sources */ = {isa = PBXBuildFile; fileRef = A20AF6EB23CFF0FC00C87023 /* SceneDelegate.swift */; };
		A20AF6EE23CFF0FC00C87023 /* ContentView.swift in Sources */ = {isa = PBXBuildFile; fileRef = A20AF6ED23CFF0FC00C87023 /* ContentView.swift */; };
		A20AF6F023CFF10000C87023 /* Assets.xcassets in Resources */ = {isa = PBXBuildFile; fileRef = A20AF6EF23CFF10000C87023 /* Assets.xcassets */; };
		A20AF6F323CFF10000C87023 /* Preview Assets.xcassets in Resources */ = {isa = PBXBuildFile; fileRef = A20AF6F223CFF10000C87023 /* Preview Assets.xcassets */; };
		A20AF6F623CFF10000C87023 /* LaunchScreen.storyboard in Resources */ = {isa = PBXBuildFile; fileRef = A20AF6F423CFF10000C87023 /* LaunchScreen.storyboard */; };
		A20AF6FF23CFF2D300C87023 /* Store.swift in Sources */ = {isa = PBXBuildFile; fileRef = A20AF6FE23CFF2D300C87023 /* Store.swift */; };
		A20AF70223CFF3EC00C87023 /* StoresService.swift in Sources */ = {isa = PBXBuildFile; fileRef = A20AF70123CFF3EC00C87023 /* StoresService.swift */; };
		A20AF70523CFFC4F00C87023 /* StoresViewModel.swift in Sources */ = {isa = PBXBuildFile; fileRef = A20AF70423CFFC4F00C87023 /* StoresViewModel.swift */; };
		A20AF70823D0096100C87023 /* KingfisherSwiftUI in Frameworks */ = {isa = PBXBuildFile; productRef = A20AF70723D0096100C87023 /* KingfisherSwiftUI */; };
		A20AF70B23D00FFA00C87023 /* StoreDetail.swift in Sources */ = {isa = PBXBuildFile; fileRef = A20AF70A23D00FFA00C87023 /* StoreDetail.swift */; };
/* End PBXBuildFile section */

/* Begin PBXFileReference section */
		A20AF6E623CFF0FC00C87023 /* stores-test.app */ = {isa = PBXFileReference; explicitFileType = wrapper.application; includeInIndex = 0; path = "stores-test.app"; sourceTree = BUILT_PRODUCTS_DIR; };
		A20AF6E923CFF0FC00C87023 /* AppDelegate.swift */ = {isa = PBXFileReference; lastKnownFileType = sourcecode.swift; path = AppDelegate.swift; sourceTree = "<group>"; };
		A20AF6EB23CFF0FC00C87023 /* SceneDelegate.swift */ = {isa = PBXFileReference; lastKnownFileType = sourcecode.swift; path = SceneDelegate.swift; sourceTree = "<group>"; };
		A20AF6ED23CFF0FC00C87023 /* ContentView.swift */ = {isa = PBXFileReference; lastKnownFileType = sourcecode.swift; path = ContentView.swift; sourceTree = "<group>"; };
		A20AF6EF23CFF10000C87023 /* Assets.xcassets */ = {isa = PBXFileReference; lastKnownFileType = folder.assetcatalog; path = Assets.xcassets; sourceTree = "<group>"; };
		A20AF6F223CFF10000C87023 /* Preview Assets.xcassets */ = {isa = PBXFileReference; lastKnownFileType = folder.assetcatalog; path = "Preview Assets.xcassets"; sourceTree = "<group>"; };
		A20AF6F523CFF10000C87023 /* Base */ = {isa = PBXFileReference; lastKnownFileType = file.storyboard; name = Base; path = Base.lproj/LaunchScreen.storyboard; sourceTree = "<group>"; };
		A20AF6F723CFF10000C87023 /* Info.plist */ = {isa = PBXFileReference; lastKnownFileType = text.plist.xml; path = Info.plist; sourceTree = "<group>"; };
		A20AF6FE23CFF2D300C87023 /* Store.swift */ = {isa = PBXFileReference; lastKnownFileType = sourcecode.swift; path = Store.swift; sourceTree = "<group>"; };
		A20AF70123CFF3EC00C87023 /* StoresService.swift */ = {isa = PBXFileReference; lastKnownFileType = sourcecode.swift; path = StoresService.swift; sourceTree = "<group>"; };
		A20AF70423CFFC4F00C87023 /* StoresViewModel.swift */ = {isa = PBXFileReference; lastKnownFileType = sourcecode.swift; path = StoresViewModel.swift; sourceTree = "<group>"; };
		A20AF70A23D00FFA00C87023 /* StoreDetail.swift */ = {isa = PBXFileReference; lastKnownFileType = sourcecode.swift; path = StoreDetail.swift; sourceTree = "<group>"; };
/* End PBXFileReference section */

/* Begin PBXFrameworksBuildPhase section */
		A20AF6E323CFF0FC00C87023 /* Frameworks */ = {
			isa = PBXFrameworksBuildPhase;
			buildActionMask = 2147483647;
			files = (
				A20AF70823D0096100C87023 /* KingfisherSwiftUI in Frameworks */,
			);
			runOnlyForDeploymentPostprocessing = 0;
		};
/* End PBXFrameworksBuildPhase section */

/* Begin PBXGroup section */
		A20AF6DD23CFF0FC00C87023 = {
			isa = PBXGroup;
			children = (
				A20AF6E823CFF0FC00C87023 /* stores-test */,
				A20AF6E723CFF0FC00C87023 /* Products */,
			);
			sourceTree = "<group>";
		};
		A20AF6E723CFF0FC00C87023 /* Products */ = {
			isa = PBXGroup;
			children = (
				A20AF6E623CFF0FC00C87023 /* stores-test.app */,
			);
			name = Products;
			sourceTree = "<group>";
		};
		A20AF6E823CFF0FC00C87023 /* stores-test */ = {
			isa = PBXGroup;
			children = (
				A20AF70923D00FD600C87023 /* Views */,
				A20AF70323CFFC3000C87023 /* ViewModels */,
				A20AF70023CFF3D800C87023 /* Services */,
				A20AF6FD23CFF29400C87023 /* Models */,
				A20AF6E923CFF0FC00C87023 /* AppDelegate.swift */,
				A20AF6EB23CFF0FC00C87023 /* SceneDelegate.swift */,
				A20AF6EF23CFF10000C87023 /* Assets.xcassets */,
				A20AF6F423CFF10000C87023 /* LaunchScreen.storyboard */,
				A20AF6F723CFF10000C87023 /* Info.plist */,
				A20AF6F123CFF10000C87023 /* Preview Content */,
			);
			path = "stores-test";
			sourceTree = "<group>";
		};
		A20AF6F123CFF10000C87023 /* Preview Content */ = {
			isa = PBXGroup;
			children = (
				A20AF6F223CFF10000C87023 /* Preview Assets.xcassets */,
			);
			path = "Preview Content";
			sourceTree = "<group>";
		};
		A20AF6FD23CFF29400C87023 /* Models */ = {
			isa = PBXGroup;
			children = (
				A20AF6FE23CFF2D300C87023 /* Store.swift */,
			);
			path = Models;
			sourceTree = "<group>";
		};
		A20AF70023CFF3D800C87023 /* Services */ = {
			isa = PBXGroup;
			children = (
				A20AF70123CFF3EC00C87023 /* StoresService.swift */,
			);
			path = Services;
			sourceTree = "<group>";
		};
		A20AF70323CFFC3000C87023 /* ViewModels */ = {
			isa = PBXGroup;
			children = (
				A20AF70423CFFC4F00C87023 /* StoresViewModel.swift */,
			);
			path = ViewModels;
			sourceTree = "<group>";
		};
		A20AF70923D00FD600C87023 /* Views */ = {
			isa = PBXGroup;
			children = (
				A20AF6ED23CFF0FC00C87023 /* ContentView.swift */,
				A20AF70A23D00FFA00C87023 /* StoreDetail.swift */,
			);
			path = Views;
			sourceTree = "<group>";
		};
/* End PBXGroup section */

/* Begin PBXNativeTarget section */
		A20AF6E523CFF0FC00C87023 /* stores-test */ = {
			isa = PBXNativeTarget;
			buildConfigurationList = A20AF6FA23CFF10000C87023 /* Build configuration list for PBXNativeTarget "stores-test" */;
			buildPhases = (
				A20AF6E223CFF0FC00C87023 /* Sources */,
				A20AF6E323CFF0FC00C87023 /* Frameworks */,
				A20AF6E423CFF0FC00C87023 /* Resources */,
			);
			buildRules = (
			);
			dependencies = (
			);
			name = "stores-test";
			packageProductDependencies = (
				A20AF70723D0096100C87023 /* KingfisherSwiftUI */,
			);
			productName = "stores-test";
			productReference = A20AF6E623CFF0FC00C87023 /* stores-test.app */;
			productType = "com.apple.product-type.application";
		};
/* End PBXNativeTarget section */

/* Begin PBXProject section */
		A20AF6DE23CFF0FC00C87023 /* Project object */ = {
			isa = PBXProject;
			attributes = {
				LastSwiftUpdateCheck = 1130;
				LastUpgradeCheck = 1130;
				ORGANIZATIONNAME = deibytb;
				TargetAttributes = {
					A20AF6E523CFF0FC00C87023 = {
						CreatedOnToolsVersion = 11.3;
					};
				};
			};
			buildConfigurationList = A20AF6E123CFF0FC00C87023 /* Build configuration list for PBXProject "stores-test" */;
			compatibilityVersion = "Xcode 9.3";
			developmentRegion = en;
			hasScannedForEncodings = 0;
			knownRegions = (
				en,
				Base,
			);
			mainGroup = A20AF6DD23CFF0FC00C87023;
			packageReferences = (
				A20AF70623D0096100C87023 /* XCRemoteSwiftPackageReference "Kingfisher" */,
			);
			productRefGroup = A20AF6E723CFF0FC00C87023 /* Products */;
			projectDirPath = "";
			projectRoot = "";
			targets = (
				A20AF6E523CFF0FC00C87023 /* stores-test */,
			);
		};
/* End PBXProject section */

/* Begin PBXResourcesBuildPhase section */
		A20AF6E423CFF0FC00C87023 /* Resources */ = {
			isa = PBXResourcesBuildPhase;
			buildActionMask = 2147483647;
			files = (
				A20AF6F623CFF10000C87023 /* LaunchScreen.storyboard in Resources */,
				A20AF6F323CFF10000C87023 /* Preview Assets.xcassets in Resources */,
				A20AF6F023CFF10000C87023 /* Assets.xcassets in Resources */,
			);
			runOnlyForDeploymentPostprocessing = 0;
		};
/* End PBXResourcesBuildPhase section */

/* Begin PBXSourcesBuildPhase section */
		A20AF6E223CFF0FC00C87023 /* Sources */ = {
			isa = PBXSourcesBuildPhase;
			buildActionMask = 2147483647;
			files = (
				A20AF6EA23CFF0FC00C87023 /* AppDelegate.swift in Sources */,
				A20AF6EC23CFF0FC00C87023 /* SceneDelegate.swift in Sources */,
				A20AF70523CFFC4F00C87023 /* StoresViewModel.swift in Sources */,
				A20AF70223CFF3EC00C87023 /* StoresService.swift in Sources */,
				A20AF6EE23CFF0FC00C87023 /* ContentView.swift in Sources */,
				A20AF70B23D00FFA00C87023 /* StoreDetail.swift in Sources */,
				A20AF6FF23CFF2D300C87023 /* Store.swift in Sources */,
			);
			runOnlyForDeploymentPostprocessing = 0;
		};
/* End PBXSourcesBuildPhase section */

/* Begin PBXVariantGroup section */
		A20AF6F423CFF10000C87023 /* LaunchScreen.storyboard */ = {
			isa = PBXVariantGroup;
			children = (
				A20AF6F523CFF10000C87023 /* Base */,
			);
			name = LaunchScreen.storyboard;
			sourceTree = "<group>";
		};
/* End PBXVariantGroup section */

/* Begin XCBuildConfiguration section */
		A20AF6F823CFF10000C87023 /* Debug */ = {
			isa = XCBuildConfiguration;
			buildSettings = {
				ALWAYS_SEARCH_USER_PATHS = NO;
				CLANG_ANALYZER_NONNULL = YES;
				CLANG_ANALYZER_NUMBER_OBJECT_CONVERSION = YES_AGGRESSIVE;
				CLANG_CXX_LANGUAGE_STANDARD = "gnu++14";
				CLANG_CXX_LIBRARY = "libc++";
				CLANG_ENABLE_MODULES = YES;
				CLANG_ENABLE_OBJC_ARC = YES;
				CLANG_ENABLE_OBJC_WEAK = YES;
				CLANG_WARN_BLOCK_CAPTURE_AUTORELEASING = YES;
				CLANG_WARN_BOOL_CONVERSION = YES;
				CLANG_WARN_COMMA = YES;
				CLANG_WARN_CONSTANT_CONVERSION = YES;
				CLANG_WARN_DEPRECATED_OBJC_IMPLEMENTATIONS = YES;
				CLANG_WARN_DIRECT_OBJC_ISA_USAGE = YES_ERROR;
				CLANG_WARN_DOCUMENTATION_COMMENTS = YES;
				CLANG_WARN_EMPTY_BODY = YES;
				CLANG_WARN_ENUM_CONVERSION = YES;
				CLANG_WARN_INFINITE_RECURSION = YES;
				CLANG_WARN_INT_CONVERSION = YES;
				CLANG_WARN_NON_LITERAL_NULL_CONVERSION = YES;
				CLANG_WARN_OBJC_IMPLICIT_RETAIN_SELF = YES;
				CLANG_WARN_OBJC_LITERAL_CONVERSION = YES;
				CLANG_WARN_OBJC_ROOT_CLASS = YES_ERROR;
				CLANG_WARN_RANGE_LOOP_ANALYSIS = YES;
				CLANG_WARN_STRICT_PROTOTYPES = YES;
				CLANG_WARN_SUSPICIOUS_MOVE = YES;
				CLANG_WARN_UNGUARDED_AVAILABILITY = YES_AGGRESSIVE;
				CLANG_WARN_UNREACHABLE_CODE = YES;
				CLANG_WARN__DUPLICATE_METHOD_MATCH = YES;
				COPY_PHASE_STRIP = NO;
				DEBUG_INFORMATION_FORMAT = dwarf;
				ENABLE_STRICT_OBJC_MSGSEND = YES;
				ENABLE_TESTABILITY = YES;
				GCC_C_LANGUAGE_STANDARD = gnu11;
				GCC_DYNAMIC_NO_PIC = NO;
				GCC_NO_COMMON_BLOCKS = YES;
				GCC_OPTIMIZATION_LEVEL = 0;
				GCC_PREPROCESSOR_DEFINITIONS = (
					"DEBUG=1",
					"$(inherited)",
				);
				GCC_WARN_64_TO_32_BIT_CONVERSION = YES;
				GCC_WARN_ABOUT_RETURN_TYPE = YES_ERROR;
				GCC_WARN_UNDECLARED_SELECTOR = YES;
				GCC_WARN_UNINITIALIZED_AUTOS = YES_AGGRESSIVE;
				GCC_WARN_UNUSED_FUNCTION = YES;
				GCC_WARN_UNUSED_VARIABLE = YES;
				IPHONEOS_DEPLOYMENT_TARGET = 13.2;
				MTL_ENABLE_DEBUG_INFO = INCLUDE_SOURCE;
				MTL_FAST_MATH = YES;
				ONLY_ACTIVE_ARCH = YES;
				SDKROOT = iphoneos;
				SWIFT_ACTIVE_COMPILATION_CONDITIONS = DEBUG;
				SWIFT_OPTIMIZATION_LEVEL = "-Onone";
			};
			name = Debug;
		};
		A20AF6F923CFF10000C87023 /* Release */ = {
			isa = XCBuildConfiguration;
			buildSettings = {
				ALWAYS_SEARCH_USER_PATHS = NO;
				CLANG_ANALYZER_NONNULL = YES;
				CLANG_ANALYZER_NUMBER_OBJECT_CONVERSION = YES_AGGRESSIVE;
				CLANG_CXX_LANGUAGE_STANDARD = "gnu++14";
				CLANG_CXX_LIBRARY = "libc++";
				CLANG_ENABLE_MODULES = YES;
				CLANG_ENABLE_OBJC_ARC = YES;
				CLANG_ENABLE_OBJC_WEAK = YES;
				CLANG_WARN_BLOCK_CAPTURE_AUTORELEASING = YES;
				CLANG_WARN_BOOL_CONVERSION = YES;
				CLANG_WARN_COMMA = YES;
				CLANG_WARN_CONSTANT_CONVERSION = YES;
				CLANG_WARN_DEPRECATED_OBJC_IMPLEMENTATIONS = YES;
				CLANG_WARN_DIRECT_OBJC_ISA_USAGE = YES_ERROR;
				CLANG_WARN_DOCUMENTATION_COMMENTS = YES;
				CLANG_WARN_EMPTY_BODY = YES;
				CLANG_WARN_ENUM_CONVERSION = YES;
				CLANG_WARN_INFINITE_RECURSION = YES;
				CLANG_WARN_INT_CONVERSION = YES;
				CLANG_WARN_NON_LITERAL_NULL_CONVERSION = YES;
				CLANG_WARN_OBJC_IMPLICIT_RETAIN_SELF = YES;
				CLANG_WARN_OBJC_LITERAL_CONVERSION = YES;
				CLANG_WARN_OBJC_ROOT_CLASS = YES_ERROR;
				CLANG_WARN_RANGE_LOOP_ANALYSIS = YES;
				CLANG_WARN_STRICT_PROTOTYPES = YES;
				CLANG_WARN_SUSPICIOUS_MOVE = YES;
				CLANG_WARN_UNGUARDED_AVAILABILITY = YES_AGGRESSIVE;
				CLANG_WARN_UNREACHABLE_CODE = YES;
				CLANG_WARN__DUPLICATE_METHOD_MATCH = YES;
				COPY_PHASE_STRIP = NO;
				DEBUG_INFORMATION_FORMAT = "dwarf-with-dsym";
				ENABLE_NS_ASSERTIONS = NO;
				ENABLE_STRICT_OBJC_MSGSEND = YES;
				GCC_C_LANGUAGE_STANDARD = gnu11;
				GCC_NO_COMMON_BLOCKS = YES;
				GCC_WARN_64_TO_32_BIT_CONVERSION = YES;
				GCC_WARN_ABOUT_RETURN_TYPE = YES_ERROR;
				GCC_WARN_UNDECLARED_SELECTOR = YES;
				GCC_WARN_UNINITIALIZED_AUTOS = YES_AGGRESSIVE;
				GCC_WARN_UNUSED_FUNCTION = YES;
				GCC_WARN_UNUSED_VARIABLE = YES;
				IPHONEOS_DEPLOYMENT_TARGET = 13.2;
				MTL_ENABLE_DEBUG_INFO = NO;
				MTL_FAST_MATH = YES;
				SDKROOT = iphoneos;
				SWIFT_COMPILATION_MODE = wholemodule;
				SWIFT_OPTIMIZATION_LEVEL = "-O";
				VALIDATE_PRODUCT = YES;
			};
			name = Release;
		};
		A20AF6FB23CFF10000C87023 /* Debug */ = {
			isa = XCBuildConfiguration;
			buildSettings = {
				ASSETCATALOG_COMPILER_APPICON_NAME = AppIcon;
				CODE_SIGN_STYLE = Automatic;
				DEVELOPMENT_ASSET_PATHS = "\"stores-test/Preview Content\"";
				DEVELOPMENT_TEAM = 92YDTDBL5J;
				ENABLE_PREVIEWS = YES;
				INFOPLIST_FILE = "stores-test/Info.plist";
				LD_RUNPATH_SEARCH_PATHS = (
					"$(inherited)",
					"@executable_path/Frameworks",
				);
				PRODUCT_BUNDLE_IDENTIFIER = "com.deibytb.stores-test";
				PRODUCT_NAME = "$(TARGET_NAME)";
				SWIFT_VERSION = 5.0;
				TARGETED_DEVICE_FAMILY = "1,2";
			};
			name = Debug;
		};
		A20AF6FC23CFF10000C87023 /* Release */ = {
			isa = XCBuildConfiguration;
			buildSettings = {
				ASSETCATALOG_COMPILER_APPICON_NAME = AppIcon;
				CODE_SIGN_STYLE = Automatic;
				DEVELOPMENT_ASSET_PATHS = "\"stores-test/Preview Content\"";
				DEVELOPMENT_TEAM = 92YDTDBL5J;
				ENABLE_PREVIEWS = YES;
				INFOPLIST_FILE = "stores-test/Info.plist";
				LD_RUNPATH_SEARCH_PATHS = (
					"$(inherited)",
					"@executable_path/Frameworks",
				);
				PRODUCT_BUNDLE_IDENTIFIER = "com.deibytb.stores-test";
				PRODUCT_NAME = "$(TARGET_NAME)";
				SWIFT_VERSION = 5.0;
				TARGETED_DEVICE_FAMILY = "1,2";
			};
			name = Release;
		};
/* End XCBuildConfiguration section */

/* Begin XCConfigurationList section */
		A20AF6E123CFF0FC00C87023 /* Build configuration list for PBXProject "stores-test" */ = {
			isa = XCConfigurationList;
			buildConfigurations = (
				A20AF6F823CFF10000C87023 /* Debug */,
				A20AF6F923CFF10000C87023 /* Release */,
			);
			defaultConfigurationIsVisible = 0;
			defaultConfigurationName = Release;
		};
		A20AF6FA23CFF10000C87023 /* Build configuration list for PBXNativeTarget "stores-test" */ = {
			isa = XCConfigurationList;
			buildConfigurations = (
				A20AF6FB23CFF10000C87023 /* Debug */,
				A20AF6FC23CFF10000C87023 /* Release */,
			);
			defaultConfigurationIsVisible = 0;
			defaultConfigurationName = Release;
		};
/* End XCConfigurationList section */

/* Begin XCRemoteSwiftPackageReference section */
		A20AF70623D0096100C87023 /* XCRemoteSwiftPackageReference "Kingfisher" */ = {
			isa = XCRemoteSwiftPackageReference;
			repositoryURL = "https://github.com/onevcat/Kingfisher.git";
			requirement = {
				kind = upToNextMajorVersion;
				minimumVersion = 5.12.0;
			};
		};
/* End XCRemoteSwiftPackageReference section */

/* Begin XCSwiftPackageProductDependency section */
		A20AF70723D0096100C87023 /* KingfisherSwiftUI */ = {
			isa = XCSwiftPackageProductDependency;
			package = A20AF70623D0096100C87023 /* XCRemoteSwiftPackageReference "Kingfisher" */;
			productName = KingfisherSwiftUI;
		};
/* End XCSwiftPackageProductDependency section */
	};
	rootObject = A20AF6DE23CFF0FC00C87023 /* Project object */;
}
